
Microsoft Visual Studio Solution File, Format Version 12.00
Project("{FAE04EC0-301F-11D3-BF4B-00C04F79EFBC}") = "SaxsSpot.NanoSystemService.Contracts", "SaxsSpot.NanoSystemService.Contracts\SaxsSpot.NanoSystemService.Contracts.csproj", "{6C50A7D3-8600-4B72-9AB8-85933A01A2D6}"
EndProject
Project("{FAE04EC0-301F-11D3-BF4B-00C04F79EFBC}") = "SaxsSpot.NanoSystemService.Application", "SaxsSpot.NanoSystemService.Application\SaxsSpot.NanoSystemService.Application.csproj", "{E245171F-BF55-4F97-AE07-51C97C893E94}"
EndProject
Project("{FAE04EC0-301F-11D3-BF4B-00C04F79EFBC}") = "SaxsSpot.NanoSystemService.Domain", "SaxsSpot.NanoSystemService.Domain\SaxsSpot.NanoSystemService.Domain.csproj", "{3A30FA89-B6C1-42F0-AFD0-FB4217808318}"
EndProject
Project("{FAE04EC0-301F-11D3-BF4B-00C04F79EFBC}") = "SaxsSpot.NanoSystemService.Storage", "SaxsSpot.NanoSystemService.Storage\SaxsSpot.NanoSystemService.Storage.csproj", "{3E8730FB-4B48-4741-BA29-69A88E108BC4}"
EndProject
Project("{2150E333-8FDC-42A3-9474-1A3956D46DE8}") = "SaxsSpot.NanoSystemService.Database", "SaxsSpot.NanoSystemService.Database", "{99DDC894-35A6-44DA-B045-FA76AA909676}"
	ProjectSection(SolutionItems) = preProject
		SaxsSpot.NanoSystemService.Database\config.xml = SaxsSpot.NanoSystemService.Database\config.xml
	EndProjectSection
EndProject
Project("{FAE04EC0-301F-11D3-BF4B-00C04F79EFBC}") = "SaxsSpot.NanoSystemService.Host", "SaxsSpot.NanoSystemService.Host\SaxsSpot.NanoSystemService.Host.csproj", "{21419C2A-92B3-4825-9FFF-1433D3672A47}"
EndProject
Project("{FAE04EC0-301F-11D3-BF4B-00C04F79EFBC}") = "SaxsSpot.NanoSystemService.Sdk", "SaxsSpot.NanoSystemService.Sdk\SaxsSpot.NanoSystemService.Sdk.csproj", "{5B46AC12-83FE-4E6A-9381-35D6A19B2EDD}"
EndProject
Project("{FAE04EC0-301F-11D3-BF4B-00C04F79EFBC}") = "SaxsSpot.NanoSystemService.IntegrationTests", "tests\SaxsSpot.NanoSystemService.IntegrationTests\SaxsSpot.NanoSystemService.IntegrationTests.csproj", "{5FCBD34B-D41B-4450-B7A3-7B6B24246EF6}"
EndProject
Project("{FAE04EC0-301F-11D3-BF4B-00C04F79EFBC}") = "SaxsSpot.NanoSystemService.Kafka", "SaxsSpot.NanoSystemService.Kafka\SaxsSpot.NanoSystemService.Kafka.csproj", "{632B1FE2-FD22-4764-9F70-2A18C7BD7026}"
EndProject
Global
	GlobalSection(SolutionConfigurationPlatforms) = preSolution
		Debug|Any CPU = Debug|Any CPU
		Debug|x64 = Debug|x64
		Debug|x86 = Debug|x86
		Release|Any CPU = Release|Any CPU
		Release|x64 = Release|x64
		Release|x86 = Release|x86
	EndGlobalSection
	GlobalSection(ProjectConfigurationPlatforms) = postSolution
		{6C50A7D3-8600-4B72-9AB8-85933A01A2D6}.Debug|Any CPU.ActiveCfg = Debug|Any CPU
		{6C50A7D3-8600-4B72-9AB8-85933A01A2D6}.Debug|Any CPU.Build.0 = Debug|Any CPU
		{6C50A7D3-8600-4B72-9AB8-85933A01A2D6}.Debug|x64.ActiveCfg = Debug|Any CPU
		{6C50A7D3-8600-4B72-9AB8-85933A01A2D6}.Debug|x64.Build.0 = Debug|Any CPU
		{6C50A7D3-8600-4B72-9AB8-85933A01A2D6}.Debug|x86.ActiveCfg = Debug|Any CPU
		{6C50A7D3-8600-4B72-9AB8-85933A01A2D6}.Debug|x86.Build.0 = Debug|Any CPU
		{6C50A7D3-8600-4B72-9AB8-85933A01A2D6}.Release|Any CPU.ActiveCfg = Release|Any CPU
		{6C50A7D3-8600-4B72-9AB8-85933A01A2D6}.Release|Any CPU.Build.0 = Release|Any CPU
		{6C50A7D3-8600-4B72-9AB8-85933A01A2D6}.Release|x64.ActiveCfg = Release|Any CPU
		{6C50A7D3-8600-4B72-9AB8-85933A01A2D6}.Release|x64.Build.0 = Release|Any CPU
		{6C50A7D3-8600-4B72-9AB8-85933A01A2D6}.Release|x86.ActiveCfg = Release|Any CPU
		{6C50A7D3-8600-4B72-9AB8-85933A01A2D6}.Release|x86.Build.0 = Release|Any CPU
		{E245171F-BF55-4F97-AE07-51C97C893E94}.Debug|Any CPU.ActiveCfg = Debug|Any CPU
		{E245171F-BF55-4F97-AE07-51C97C893E94}.Debug|Any CPU.Build.0 = Debug|Any CPU
		{E245171F-BF55-4F97-AE07-51C97C893E94}.Debug|x64.ActiveCfg = Debug|Any CPU
		{E245171F-BF55-4F97-AE07-51C97C893E94}.Debug|x64.Build.0 = Debug|Any CPU
		{E245171F-BF55-4F97-AE07-51C97C893E94}.Debug|x86.ActiveCfg = Debug|Any CPU
		{E245171F-BF55-4F97-AE07-51C97C893E94}.Debug|x86.Build.0 = Debug|Any CPU
		{E245171F-BF55-4F97-AE07-51C97C893E94}.Release|Any CPU.ActiveCfg = Release|Any CPU
		{E245171F-BF55-4F97-AE07-51C97C893E94}.Release|Any CPU.Build.0 = Release|Any CPU
		{E245171F-BF55-4F97-AE07-51C97C893E94}.Release|x64.ActiveCfg = Release|Any CPU
		{E245171F-BF55-4F97-AE07-51C97C893E94}.Release|x64.Build.0 = Release|Any CPU
		{E245171F-BF55-4F97-AE07-51C97C893E94}.Release|x86.ActiveCfg = Release|Any CPU
		{E245171F-BF55-4F97-AE07-51C97C893E94}.Release|x86.Build.0 = Release|Any CPU
		{3A30FA89-B6C1-42F0-AFD0-FB4217808318}.Debug|Any CPU.ActiveCfg = Debug|Any CPU
		{3A30FA89-B6C1-42F0-AFD0-FB4217808318}.Debug|Any CPU.Build.0 = Debug|Any CPU
		{3A30FA89-B6C1-42F0-AFD0-FB4217808318}.Debug|x64.ActiveCfg = Debug|Any CPU
		{3A30FA89-B6C1-42F0-AFD0-FB4217808318}.Debug|x64.Build.0 = Debug|Any CPU
		{3A30FA89-B6C1-42F0-AFD0-FB4217808318}.Debug|x86.ActiveCfg = Debug|Any CPU
		{3A30FA89-B6C1-42F0-AFD0-FB4217808318}.Debug|x86.Build.0 = Debug|Any CPU
		{3A30FA89-B6C1-42F0-AFD0-FB4217808318}.Release|Any CPU.ActiveCfg = Release|Any CPU
		{3A30FA89-B6C1-42F0-AFD0-FB4217808318}.Release|Any CPU.Build.0 = Release|Any CPU
		{3A30FA89-B6C1-42F0-AFD0-FB4217808318}.Release|x64.ActiveCfg = Release|Any CPU
		{3A30FA89-B6C1-42F0-AFD0-FB4217808318}.Release|x64.Build.0 = Release|Any CPU
		{3A30FA89-B6C1-42F0-AFD0-FB4217808318}.Release|x86.ActiveCfg = Release|Any CPU
		{3A30FA89-B6C1-42F0-AFD0-FB4217808318}.Release|x86.Build.0 = Release|Any CPU
		{3E8730FB-4B48-4741-BA29-69A88E108BC4}.Debug|Any CPU.ActiveCfg = Debug|Any CPU
		{3E8730FB-4B48-4741-BA29-69A88E108BC4}.Debug|Any CPU.Build.0 = Debug|Any CPU
		{3E8730FB-4B48-4741-BA29-69A88E108BC4}.Debug|x64.ActiveCfg = Debug|Any CPU
		{3E8730FB-4B48-4741-BA29-69A88E108BC4}.Debug|x64.Build.0 = Debug|Any CPU
		{3E8730FB-4B48-4741-BA29-69A88E108BC4}.Debug|x86.ActiveCfg = Debug|Any CPU
		{3E8730FB-4B48-4741-BA29-69A88E108BC4}.Debug|x86.Build.0 = Debug|Any CPU
		{3E8730FB-4B48-4741-BA29-69A88E108BC4}.Release|Any CPU.ActiveCfg = Release|Any CPU
		{3E8730FB-4B48-4741-BA29-69A88E108BC4}.Release|Any CPU.Build.0 = Release|Any CPU
		{3E8730FB-4B48-4741-BA29-69A88E108BC4}.Release|x64.ActiveCfg = Release|Any CPU
		{3E8730FB-4B48-4741-BA29-69A88E108BC4}.Release|x64.Build.0 = Release|Any CPU
		{3E8730FB-4B48-4741-BA29-69A88E108BC4}.Release|x86.ActiveCfg = Release|Any CPU
		{3E8730FB-4B48-4741-BA29-69A88E108BC4}.Release|x86.Build.0 = Release|Any CPU
		{21419C2A-92B3-4825-9FFF-1433D3672A47}.Debug|Any CPU.ActiveCfg = Debug|Any CPU
		{21419C2A-92B3-4825-9FFF-1433D3672A47}.Debug|Any CPU.Build.0 = Debug|Any CPU
		{21419C2A-92B3-4825-9FFF-1433D3672A47}.Debug|x64.ActiveCfg = Debug|Any CPU
		{21419C2A-92B3-4825-9FFF-1433D3672A47}.Debug|x64.Build.0 = Debug|Any CPU
		{21419C2A-92B3-4825-9FFF-1433D3672A47}.Debug|x86.ActiveCfg = Debug|Any CPU
		{21419C2A-92B3-4825-9FFF-1433D3672A47}.Debug|x86.Build.0 = Debug|Any CPU
		{21419C2A-92B3-4825-9FFF-1433D3672A47}.Release|Any CPU.ActiveCfg = Release|Any CPU
		{21419C2A-92B3-4825-9FFF-1433D3672A47}.Release|Any CPU.Build.0 = Release|Any CPU
		{21419C2A-92B3-4825-9FFF-1433D3672A47}.Release|x64.ActiveCfg = Release|Any CPU
		{21419C2A-92B3-4825-9FFF-1433D3672A47}.Release|x64.Build.0 = Release|Any CPU
		{21419C2A-92B3-4825-9FFF-1433D3672A47}.Release|x86.ActiveCfg = Release|Any CPU
		{21419C2A-92B3-4825-9FFF-1433D3672A47}.Release|x86.Build.0 = Release|Any CPU
		{5B46AC12-83FE-4E6A-9381-35D6A19B2EDD}.Debug|Any CPU.ActiveCfg = Debug|Any CPU
		{5B46AC12-83FE-4E6A-9381-35D6A19B2EDD}.Debug|Any CPU.Build.0 = Debug|Any CPU
		{5B46AC12-83FE-4E6A-9381-35D6A19B2EDD}.Debug|x64.ActiveCfg = Debug|Any CPU
		{5B46AC12-83FE-4E6A-9381-35D6A19B2EDD}.Debug|x64.Build.0 = Debug|Any CPU
		{5B46AC12-83FE-4E6A-9381-35D6A19B2EDD}.Debug|x86.ActiveCfg = Debug|Any CPU
		{5B46AC12-83FE-4E6A-9381-35D6A19B2EDD}.Debug|x86.Build.0 = Debug|Any CPU
		{5B46AC12-83FE-4E6A-9381-35D6A19B2EDD}.Release|Any CPU.ActiveCfg = Release|Any CPU
		{5B46AC12-83FE-4E6A-9381-35D6A19B2EDD}.Release|Any CPU.Build.0 = Release|Any CPU
		{5B46AC12-83FE-4E6A-9381-35D6A19B2EDD}.Release|x64.ActiveCfg = Release|Any CPU
		{5B46AC12-83FE-4E6A-9381-35D6A19B2EDD}.Release|x64.Build.0 = Release|Any CPU
		{5B46AC12-83FE-4E6A-9381-35D6A19B2EDD}.Release|x86.ActiveCfg = Release|Any CPU
		{5B46AC12-83FE-4E6A-9381-35D6A19B2EDD}.Release|x86.Build.0 = Release|Any CPU
		{5FCBD34B-D41B-4450-B7A3-7B6B24246EF6}.Debug|Any CPU.ActiveCfg = Debug|Any CPU
		{5FCBD34B-D41B-4450-B7A3-7B6B24246EF6}.Debug|Any CPU.Build.0 = Debug|Any CPU
		{5FCBD34B-D41B-4450-B7A3-7B6B24246EF6}.Debug|x64.ActiveCfg = Debug|Any CPU
		{5FCBD34B-D41B-4450-B7A3-7B6B24246EF6}.Debug|x64.Build.0 = Debug|Any CPU
		{5FCBD34B-D41B-4450-B7A3-7B6B24246EF6}.Debug|x86.ActiveCfg = Debug|Any CPU
		{5FCBD34B-D41B-4450-B7A3-7B6B24246EF6}.Debug|x86.Build.0 = Debug|Any CPU
		{5FCBD34B-D41B-4450-B7A3-7B6B24246EF6}.Release|Any CPU.ActiveCfg = Release|Any CPU
		{5FCBD34B-D41B-4450-B7A3-7B6B24246EF6}.Release|Any CPU.Build.0 = Release|Any CPU
		{5FCBD34B-D41B-4450-B7A3-7B6B24246EF6}.Release|x64.ActiveCfg = Release|Any CPU
		{5FCBD34B-D41B-4450-B7A3-7B6B24246EF6}.Release|x64.Build.0 = Release|Any CPU
		{5FCBD34B-D41B-4450-B7A3-7B6B24246EF6}.Release|x86.ActiveCfg = Release|Any CPU
		{5FCBD34B-D41B-4450-B7A3-7B6B24246EF6}.Release|x86.Build.0 = Release|Any CPU
		{632B1FE2-FD22-4764-9F70-2A18C7BD7026}.Debug|Any CPU.ActiveCfg = Debug|Any CPU
		{632B1FE2-FD22-4764-9F70-2A18C7BD7026}.Debug|Any CPU.Build.0 = Debug|Any CPU
		{632B1FE2-FD22-4764-9F70-2A18C7BD7026}.Debug|x64.ActiveCfg = Debug|Any CPU
		{632B1FE2-FD22-4764-9F70-2A18C7BD7026}.Debug|x64.Build.0 = Debug|Any CPU
		{632B1FE2-FD22-4764-9F70-2A18C7BD7026}.Debug|x86.ActiveCfg = Debug|Any CPU
		{632B1FE2-FD22-4764-9F70-2A18C7BD7026}.Debug|x86.Build.0 = Debug|Any CPU
		{632B1FE2-FD22-4764-9F70-2A18C7BD7026}.Release|Any CPU.ActiveCfg = Release|Any CPU
		{632B1FE2-FD22-4764-9F70-2A18C7BD7026}.Release|Any CPU.Build.0 = Release|Any CPU
		{632B1FE2-FD22-4764-9F70-2A18C7BD7026}.Release|x64.ActiveCfg = Release|Any CPU
		{632B1FE2-FD22-4764-9F70-2A18C7BD7026}.Release|x64.Build.0 = Release|Any CPU
		{632B1FE2-FD22-4764-9F70-2A18C7BD7026}.Release|x86.ActiveCfg = Release|Any CPU
		{632B1FE2-FD22-4764-9F70-2A18C7BD7026}.Release|x86.Build.0 = Release|Any CPU
	EndGlobalSection
	GlobalSection(SolutionProperties) = preSolution
		HideSolutionNode = FALSE
	EndGlobalSection
EndGlobal
